
Microsoft Visual Studio Solution File, Format Version 12.00
# Visual Studio Version 16
VisualStudioVersion = 16.0.31624.102
MinimumVisualStudioVersion = 10.0.40219.1
Project("{8BC9CEB8-8B4A-11D0-8D11-00A0C91BC942}") = "ConsoleApplication8", "ConsoleApplication8.vcxproj", "{22E26F6E-DC5C-4C0B-8512-DD96ED98059E}"
EndProject
Global
	GlobalSection(SolutionConfigurationPlatforms) = preSolution
		Debug|x64 = Debug|x64
		Debug|x86 = Debug|x86
		Release|x64 = Release|x64
		Release|x86 = Release|x86
	EndGlobalSection
	GlobalSection(ProjectConfigurationPlatforms) = postSolution
		{22E26F6E-DC5C-4C0B-8512-DD96ED98059E}.Debug|x64.ActiveCfg = Debug|x64
		{22E26F6E-DC5C-4C0B-8512-DD96ED98059E}.Debug|x64.Build.0 = Debug|x64
		{22E26F6E-DC5C-4C0B-8512-DD96ED98059E}.Debug|x86.ActiveCfg = Debug|Win32
		{22E26F6E-DC5C-4C0B-8512-DD96ED98059E}.Debug|x86.Build.0 = Debug|Win32
		{22E26F6E-DC5C-4C0B-8512-DD96ED98059E}.Release|x64.ActiveCfg = Release|x64
		{22E26F6E-DC5C-4C0B-8512-DD96ED98059E}.Release|x64.Build.0 = Release|x64
		{22E26F6E-DC5C-4C0B-8512-DD96ED98059E}.Release|x86.ActiveCfg = Release|Win32
		{22E26F6E-DC5C-4C0B-8512-DD96ED98059E}.Release|x86.Build.0 = Release|Win32
	EndGlobalSection
	GlobalSection(SolutionProperties) = preSolution
		HideSolutionNode = FALSE
	EndGlobalSection
	GlobalSection(ExtensibilityGlobals) = postSolution
		SolutionGuid = {5CB3F52A-0198-43AF-A817-ECFCC91552C4}
	EndGlobalSection
EndGlobal
