
Microsoft Visual Studio Solution File, Format Version 12.00
# Visual Studio Version 16
VisualStudioVersion = 16.0.31624.102
MinimumVisualStudioVersion = 10.0.40219.1
Project("{8BC9CEB8-8B4A-11D0-8D11-00A0C91BC942}") = "zadanie5", "zadanie5.vcxproj", "{FFBABBF1-53EF-4F4D-A467-0E2907200592}"
EndProject
Global
	GlobalSection(SolutionConfigurationPlatforms) = preSolution
		Debug|x64 = Debug|x64
		Debug|x86 = Debug|x86
		Release|x64 = Release|x64
		Release|x86 = Release|x86
	EndGlobalSection
	GlobalSection(ProjectConfigurationPlatforms) = postSolution
		{FFBABBF1-53EF-4F4D-A467-0E2907200592}.Debug|x64.ActiveCfg = Debug|x64
		{FFBABBF1-53EF-4F4D-A467-0E2907200592}.Debug|x64.Build.0 = Debug|x64
		{FFBABBF1-53EF-4F4D-A467-0E2907200592}.Debug|x86.ActiveCfg = Debug|Win32
		{FFBABBF1-53EF-4F4D-A467-0E2907200592}.Debug|x86.Build.0 = Debug|Win32
		{FFBABBF1-53EF-4F4D-A467-0E2907200592}.Release|x64.ActiveCfg = Release|x64
		{FFBABBF1-53EF-4F4D-A467-0E2907200592}.Release|x64.Build.0 = Release|x64
		{FFBABBF1-53EF-4F4D-A467-0E2907200592}.Release|x86.ActiveCfg = Release|Win32
		{FFBABBF1-53EF-4F4D-A467-0E2907200592}.Release|x86.Build.0 = Release|Win32
	EndGlobalSection
	GlobalSection(SolutionProperties) = preSolution
		HideSolutionNode = FALSE
	EndGlobalSection
	GlobalSection(ExtensibilityGlobals) = postSolution
		SolutionGuid = {CEB5B1D9-D043-44C9-B15A-96DDF3FD985C}
	EndGlobalSection
EndGlobal
